// !$*UTF8*$!
{
	archiveVersion = 1;
	classes = {
	};
	objectVersion = 46;
	objects = {

/* Begin PBXBuildFile section */
		240FA2411CF7F77D0098F7FD /* AppDelegate.swift in Sources */ = {isa = PBXBuildFile; fileRef = 240FA2401CF7F77D0098F7FD /* AppDelegate.swift */; };
		240FA2481CF7F77D0098F7FD /* Assets.xcassets in Resources */ = {isa = PBXBuildFile; fileRef = 240FA2471CF7F77D0098F7FD /* Assets.xcassets */; };
		240FA24B1CF7F77D0098F7FD /* LaunchScreen.storyboard in Resources */ = {isa = PBXBuildFile; fileRef = 240FA2491CF7F77D0098F7FD /* LaunchScreen.storyboard */; };
		240FA2531CF7F7A70098F7FD /* PushViewController.swift in Sources */ = {isa = PBXBuildFile; fileRef = 240FA2521CF7F7A70098F7FD /* PushViewController.swift */; };
		240FA2581CF7F7B90098F7FD /* AudioCapture.swift in Sources */ = {isa = PBXBuildFile; fileRef = 240FA2551CF7F7B90098F7FD /* AudioCapture.swift */; };
		240FA2591CF7F7B90098F7FD /* AVCapture.swift in Sources */ = {isa = PBXBuildFile; fileRef = 240FA2561CF7F7B90098F7FD /* AVCapture.swift */; };
		240FA25A1CF7F7B90098F7FD /* VideoCapture.swift in Sources */ = {isa = PBXBuildFile; fileRef = 240FA2571CF7F7B90098F7FD /* VideoCapture.swift */; };
		2415AA1B1D0191F3000223BB /* amf.c in Sources */ = {isa = PBXBuildFile; fileRef = 2415AA0C1D0191F3000223BB /* amf.c */; };
		2415AA1C1D0191F3000223BB /* hashswf.c in Sources */ = {isa = PBXBuildFile; fileRef = 2415AA121D0191F3000223BB /* hashswf.c */; };
		2415AA1D1D0191F3000223BB /* log.c in Sources */ = {isa = PBXBuildFile; fileRef = 2415AA141D0191F3000223BB /* log.c */; };
		2415AA1E1D0191F3000223BB /* parseurl.c in Sources */ = {isa = PBXBuildFile; fileRef = 2415AA161D0191F3000223BB /* parseurl.c */; };
		2415AA1F1D0191F3000223BB /* rtmp.c in Sources */ = {isa = PBXBuildFile; fileRef = 2415AA171D0191F3000223BB /* rtmp.c */; };
		2415AA201D0191F3000223BB /* RTMPClient.swift in Sources */ = {isa = PBXBuildFile; fileRef = 2415AA1A1D0191F3000223BB /* RTMPClient.swift */; };
		242B8FD11CFEE3F500D3A4EF /* UtilityTool.swift in Sources */ = {isa = PBXBuildFile; fileRef = 242B8FD01CFEE3F500D3A4EF /* UtilityTool.swift */; };
		243422CE1CFBD60300288841 /* VideoEncoder.swift in Sources */ = {isa = PBXBuildFile; fileRef = 243422CD1CFBD60300288841 /* VideoEncoder.swift */; };
		243422D01CFBE93C00288841 /* AVEncoder.swift in Sources */ = {isa = PBXBuildFile; fileRef = 243422CF1CFBE93C00288841 /* AVEncoder.swift */; };
		2451E9C71CFD330000EC3EE5 /* AudioEncoder.swift in Sources */ = {isa = PBXBuildFile; fileRef = 2451E9C61CFD330000EC3EE5 /* AudioEncoder.swift */; };
/* End PBXBuildFile section */

/* Begin PBXFileReference section */
		240FA23D1CF7F77D0098F7FD /* LivePush.app */ = {isa = PBXFileReference; explicitFileType = wrapper.application; includeInIndex = 0; path = LivePush.app; sourceTree = BUILT_PRODUCTS_DIR; };
		240FA2401CF7F77D0098F7FD /* AppDelegate.swift */ = {isa = PBXFileReference; lastKnownFileType = sourcecode.swift; path = AppDelegate.swift; sourceTree = "<group>"; };
		240FA2471CF7F77D0098F7FD /* Assets.xcassets */ = {isa = PBXFileReference; lastKnownFileType = folder.assetcatalog; path = Assets.xcassets; sourceTree = "<group>"; };
		240FA24A1CF7F77D0098F7FD /* Base */ = {isa = PBXFileReference; lastKnownFileType = file.storyboard; name = Base; path = Base.lproj/LaunchScreen.storyboard; sourceTree = "<group>"; };
		240FA24C1CF7F77D0098F7FD /* Info.plist */ = {isa = PBXFileReference; lastKnownFileType = text.plist.xml; path = Info.plist; sourceTree = "<group>"; };
		240FA2521CF7F7A70098F7FD /* PushViewController.swift */ = {isa = PBXFileReference; fileEncoding = 4; lastKnownFileType = sourcecode.swift; path = PushViewController.swift; sourceTree = "<group>"; };
		240FA2551CF7F7B90098F7FD /* AudioCapture.swift */ = {isa = PBXFileReference; fileEncoding = 4; lastKnownFileType = sourcecode.swift; path = AudioCapture.swift; sourceTree = "<group>"; };
		240FA2561CF7F7B90098F7FD /* AVCapture.swift */ = {isa = PBXFileReference; fileEncoding = 4; lastKnownFileType = sourcecode.swift; path = AVCapture.swift; sourceTree = "<group>"; };
		240FA2571CF7F7B90098F7FD /* VideoCapture.swift */ = {isa = PBXFileReference; fileEncoding = 4; lastKnownFileType = sourcecode.swift; path = VideoCapture.swift; sourceTree = "<group>"; };
		2415AA0C1D0191F3000223BB /* amf.c */ = {isa = PBXFileReference; fileEncoding = 4; lastKnownFileType = sourcecode.c.c; path = amf.c; sourceTree = "<group>"; };
		2415AA0D1D0191F3000223BB /* amf.h */ = {isa = PBXFileReference; fileEncoding = 4; lastKnownFileType = sourcecode.c.h; path = amf.h; sourceTree = "<group>"; };
		2415AA0E1D0191F3000223BB /* bytes.h */ = {isa = PBXFileReference; fileEncoding = 4; lastKnownFileType = sourcecode.c.h; path = bytes.h; sourceTree = "<group>"; };
		2415AA0F1D0191F3000223BB /* dh.h */ = {isa = PBXFileReference; fileEncoding = 4; lastKnownFileType = sourcecode.c.h; path = dh.h; sourceTree = "<group>"; };
		2415AA101D0191F3000223BB /* dhgroups.h */ = {isa = PBXFileReference; fileEncoding = 4; lastKnownFileType = sourcecode.c.h; path = dhgroups.h; sourceTree = "<group>"; };
		2415AA111D0191F3000223BB /* handshake.h */ = {isa = PBXFileReference; fileEncoding = 4; lastKnownFileType = sourcecode.c.h; path = handshake.h; sourceTree = "<group>"; };
		2415AA121D0191F3000223BB /* hashswf.c */ = {isa = PBXFileReference; fileEncoding = 4; lastKnownFileType = sourcecode.c.c; path = hashswf.c; sourceTree = "<group>"; };
		2415AA131D0191F3000223BB /* http.h */ = {isa = PBXFileReference; fileEncoding = 4; lastKnownFileType = sourcecode.c.h; path = http.h; sourceTree = "<group>"; };
		2415AA141D0191F3000223BB /* log.c */ = {isa = PBXFileReference; fileEncoding = 4; lastKnownFileType = sourcecode.c.c; path = log.c; sourceTree = "<group>"; };
		2415AA151D0191F3000223BB /* log.h */ = {isa = PBXFileReference; fileEncoding = 4; lastKnownFileType = sourcecode.c.h; path = log.h; sourceTree = "<group>"; };
		2415AA161D0191F3000223BB /* parseurl.c */ = {isa = PBXFileReference; fileEncoding = 4; lastKnownFileType = sourcecode.c.c; path = parseurl.c; sourceTree = "<group>"; };
		2415AA171D0191F3000223BB /* rtmp.c */ = {isa = PBXFileReference; fileEncoding = 4; lastKnownFileType = sourcecode.c.c; path = rtmp.c; sourceTree = "<group>"; };
		2415AA181D0191F3000223BB /* rtmp.h */ = {isa = PBXFileReference; fileEncoding = 4; lastKnownFileType = sourcecode.c.h; path = rtmp.h; sourceTree = "<group>"; };
		2415AA191D0191F3000223BB /* rtmp_sys.h */ = {isa = PBXFileReference; fileEncoding = 4; lastKnownFileType = sourcecode.c.h; path = rtmp_sys.h; sourceTree = "<group>"; };
		2415AA1A1D0191F3000223BB /* RTMPClient.swift */ = {isa = PBXFileReference; fileEncoding = 4; lastKnownFileType = sourcecode.swift; path = RTMPClient.swift; sourceTree = "<group>"; };
		242B8FD01CFEE3F500D3A4EF /* UtilityTool.swift */ = {isa = PBXFileReference; fileEncoding = 4; lastKnownFileType = sourcecode.swift; path = UtilityTool.swift; sourceTree = "<group>"; };
		243422CD1CFBD60300288841 /* VideoEncoder.swift */ = {isa = PBXFileReference; fileEncoding = 4; lastKnownFileType = sourcecode.swift; path = VideoEncoder.swift; sourceTree = "<group>"; };
		243422CF1CFBE93C00288841 /* AVEncoder.swift */ = {isa = PBXFileReference; fileEncoding = 4; lastKnownFileType = sourcecode.swift; path = AVEncoder.swift; sourceTree = "<group>"; };
		2451E9C61CFD330000EC3EE5 /* AudioEncoder.swift */ = {isa = PBXFileReference; fileEncoding = 4; lastKnownFileType = sourcecode.swift; path = AudioEncoder.swift; sourceTree = "<group>"; };
/* End PBXFileReference section */

/* Begin PBXFrameworksBuildPhase section */
		240FA23A1CF7F77D0098F7FD /* Frameworks */ = {
			isa = PBXFrameworksBuildPhase;
			buildActionMask = 2147483647;
			files = (
			);
			runOnlyForDeploymentPostprocessing = 0;
		};
/* End PBXFrameworksBuildPhase section */

/* Begin PBXGroup section */
		240FA2341CF7F77D0098F7FD = {
			isa = PBXGroup;
			children = (
				240FA23F1CF7F77D0098F7FD /* LivePush */,
				240FA23E1CF7F77D0098F7FD /* Products */,
			);
			sourceTree = "<group>";
		};
		240FA23E1CF7F77D0098F7FD /* Products */ = {
			isa = PBXGroup;
			children = (
				240FA23D1CF7F77D0098F7FD /* LivePush.app */,
			);
			name = Products;
			sourceTree = "<group>";
		};
		240FA23F1CF7F77D0098F7FD /* LivePush */ = {
			isa = PBXGroup;
			children = (
				2415AA0B1D0191F3000223BB /* Rtmp */,
				240FA25B1CF808450098F7FD /* Encode */,
				240FA2541CF7F7B90098F7FD /* Capture */,
				242B8FCF1CFEE3F500D3A4EF /* UtilityTool */,
				240FA2521CF7F7A70098F7FD /* PushViewController.swift */,
				240FA2401CF7F77D0098F7FD /* AppDelegate.swift */,
				240FA2471CF7F77D0098F7FD /* Assets.xcassets */,
				240FA2491CF7F77D0098F7FD /* LaunchScreen.storyboard */,
				240FA24C1CF7F77D0098F7FD /* Info.plist */,
			);
			path = LivePush;
			sourceTree = "<group>";
		};
		240FA2541CF7F7B90098F7FD /* Capture */ = {
			isa = PBXGroup;
			children = (
				240FA2561CF7F7B90098F7FD /* AVCapture.swift */,
				240FA2551CF7F7B90098F7FD /* AudioCapture.swift */,
				240FA2571CF7F7B90098F7FD /* VideoCapture.swift */,
			);
			path = Capture;
			sourceTree = "<group>";
		};
		240FA25B1CF808450098F7FD /* Encode */ = {
			isa = PBXGroup;
			children = (
				243422CF1CFBE93C00288841 /* AVEncoder.swift */,
				2451E9C61CFD330000EC3EE5 /* AudioEncoder.swift */,
				243422CD1CFBD60300288841 /* VideoEncoder.swift */,
			);
			path = Encode;
			sourceTree = "<group>";
		};
		2415AA0B1D0191F3000223BB /* Rtmp */ = {
			isa = PBXGroup;
			children = (
				2415AA0C1D0191F3000223BB /* amf.c */,
				2415AA0D1D0191F3000223BB /* amf.h */,
				2415AA0E1D0191F3000223BB /* bytes.h */,
				2415AA0F1D0191F3000223BB /* dh.h */,
				2415AA101D0191F3000223BB /* dhgroups.h */,
				2415AA111D0191F3000223BB /* handshake.h */,
				2415AA121D0191F3000223BB /* hashswf.c */,
				2415AA131D0191F3000223BB /* http.h */,
				2415AA141D0191F3000223BB /* log.c */,
				2415AA151D0191F3000223BB /* log.h */,
				2415AA161D0191F3000223BB /* parseurl.c */,
				2415AA171D0191F3000223BB /* rtmp.c */,
				2415AA181D0191F3000223BB /* rtmp.h */,
				2415AA191D0191F3000223BB /* rtmp_sys.h */,
				2415AA1A1D0191F3000223BB /* RTMPClient.swift */,
			);
			path = Rtmp;
			sourceTree = "<group>";
		};
		242B8FCF1CFEE3F500D3A4EF /* UtilityTool */ = {
			isa = PBXGroup;
			children = (
				242B8FD01CFEE3F500D3A4EF /* UtilityTool.swift */,
			);
			path = UtilityTool;
			sourceTree = "<group>";
		};
/* End PBXGroup section */

/* Begin PBXNativeTarget section */
		240FA23C1CF7F77D0098F7FD /* LivePush */ = {
			isa = PBXNativeTarget;
			buildConfigurationList = 240FA24F1CF7F77D0098F7FD /* Build configuration list for PBXNativeTarget "LivePush" */;
			buildPhases = (
				240FA2391CF7F77D0098F7FD /* Sources */,
				240FA23A1CF7F77D0098F7FD /* Frameworks */,
				240FA23B1CF7F77D0098F7FD /* Resources */,
			);
			buildRules = (
			);
			dependencies = (
			);
			name = LivePush;
			productName = LivePush;
			productReference = 240FA23D1CF7F77D0098F7FD /* LivePush.app */;
			productType = "com.apple.product-type.application";
		};
/* End PBXNativeTarget section */

/* Begin PBXProject section */
		240FA2351CF7F77D0098F7FD /* Project object */ = {
			isa = PBXProject;
			attributes = {
				LastSwiftUpdateCheck = 0730;
				LastUpgradeCheck = 0730;
				ORGANIZATIONNAME = swiftc.org;
				TargetAttributes = {
					240FA23C1CF7F77D0098F7FD = {
						CreatedOnToolsVersion = 7.3.1;
						DevelopmentTeam = P63H2K9NTR;
					};
				};
			};
			buildConfigurationList = 240FA2381CF7F77D0098F7FD /* Build configuration list for PBXProject "LivePush" */;
			compatibilityVersion = "Xcode 3.2";
			developmentRegion = English;
			hasScannedForEncodings = 0;
			knownRegions = (
				en,
				Base,
			);
			mainGroup = 240FA2341CF7F77D0098F7FD;
			productRefGroup = 240FA23E1CF7F77D0098F7FD /* Products */;
			projectDirPath = "";
			projectRoot = "";
			targets = (
				240FA23C1CF7F77D0098F7FD /* LivePush */,
			);
		};
/* End PBXProject section */

/* Begin PBXResourcesBuildPhase section */
		240FA23B1CF7F77D0098F7FD /* Resources */ = {
			isa = PBXResourcesBuildPhase;
			buildActionMask = 2147483647;
			files = (
				240FA24B1CF7F77D0098F7FD /* LaunchScreen.storyboard in Resources */,
				240FA2481CF7F77D0098F7FD /* Assets.xcassets in Resources */,
			);
			runOnlyForDeploymentPostprocessing = 0;
		};
/* End PBXResourcesBuildPhase section */

/* Begin PBXSourcesBuildPhase section */
		240FA2391CF7F77D0098F7FD /* Sources */ = {
			isa = PBXSourcesBuildPhase;
			buildActionMask = 2147483647;
			files = (
				2415AA1D1D0191F3000223BB /* log.c in Sources */,
				2415AA1E1D0191F3000223BB /* parseurl.c in Sources */,
				240FA2531CF7F7A70098F7FD /* PushViewController.swift in Sources */,
				2415AA201D0191F3000223BB /* RTMPClient.swift in Sources */,
				240FA25A1CF7F7B90098F7FD /* VideoCapture.swift in Sources */,
				243422D01CFBE93C00288841 /* AVEncoder.swift in Sources */,
				240FA2591CF7F7B90098F7FD /* AVCapture.swift in Sources */,
				2415AA1B1D0191F3000223BB /* amf.c in Sources */,
				240FA2581CF7F7B90098F7FD /* AudioCapture.swift in Sources */,
				2415AA1F1D0191F3000223BB /* rtmp.c in Sources */,
				2415AA1C1D0191F3000223BB /* hashswf.c in Sources */,
				243422CE1CFBD60300288841 /* VideoEncoder.swift in Sources */,
				240FA2411CF7F77D0098F7FD /* AppDelegate.swift in Sources */,
				2451E9C71CFD330000EC3EE5 /* AudioEncoder.swift in Sources */,
				242B8FD11CFEE3F500D3A4EF /* UtilityTool.swift in Sources */,
			);
			runOnlyForDeploymentPostprocessing = 0;
		};
/* End PBXSourcesBuildPhase section */

/* Begin PBXVariantGroup section */
		240FA2491CF7F77D0098F7FD /* LaunchScreen.storyboard */ = {
			isa = PBXVariantGroup;
			children = (
				240FA24A1CF7F77D0098F7FD /* Base */,
			);
			name = LaunchScreen.storyboard;
			sourceTree = "<group>";
		};
/* End PBXVariantGroup section */

/* Begin XCBuildConfiguration section */
		240FA24D1CF7F77D0098F7FD /* Debug */ = {
			isa = XCBuildConfiguration;
			buildSettings = {
				ALWAYS_SEARCH_USER_PATHS = NO;
				CLANG_ANALYZER_NONNULL = YES;
				CLANG_CXX_LANGUAGE_STANDARD = "gnu++0x";
				CLANG_CXX_LIBRARY = "libc++";
				CLANG_ENABLE_MODULES = YES;
				CLANG_ENABLE_OBJC_ARC = YES;
				CLANG_WARN_BOOL_CONVERSION = YES;
				CLANG_WARN_CONSTANT_CONVERSION = YES;
				CLANG_WARN_DIRECT_OBJC_ISA_USAGE = YES_ERROR;
				CLANG_WARN_EMPTY_BODY = YES;
				CLANG_WARN_ENUM_CONVERSION = YES;
				CLANG_WARN_INT_CONVERSION = YES;
				CLANG_WARN_OBJC_ROOT_CLASS = YES_ERROR;
				CLANG_WARN_UNREACHABLE_CODE = YES;
				CLANG_WARN__DUPLICATE_METHOD_MATCH = YES;
				"CODE_SIGN_IDENTITY[sdk=iphoneos*]" = "iPhone Developer";
				COPY_PHASE_STRIP = NO;
				DEBUG_INFORMATION_FORMAT = dwarf;
				ENABLE_STRICT_OBJC_MSGSEND = YES;
				ENABLE_TESTABILITY = YES;
				GCC_C_LANGUAGE_STANDARD = gnu99;
				GCC_DYNAMIC_NO_PIC = NO;
				GCC_NO_COMMON_BLOCKS = YES;
				GCC_OPTIMIZATION_LEVEL = 0;
				GCC_PREPROCESSOR_DEFINITIONS = (
					"DEBUG=1",
					"$(inherited)",
				);
				GCC_WARN_64_TO_32_BIT_CONVERSION = YES;
				GCC_WARN_ABOUT_RETURN_TYPE = YES_ERROR;
				GCC_WARN_UNDECLARED_SELECTOR = YES;
				GCC_WARN_UNINITIALIZED_AUTOS = YES_AGGRESSIVE;
				GCC_WARN_UNUSED_FUNCTION = YES;
				GCC_WARN_UNUSED_VARIABLE = YES;
				IPHONEOS_DEPLOYMENT_TARGET = 9.3;
				MTL_ENABLE_DEBUG_INFO = YES;
				ONLY_ACTIVE_ARCH = YES;
				SDKROOT = iphoneos;
				SWIFT_OPTIMIZATION_LEVEL = "-Onone";
			};
			name = Debug;
		};
		240FA24E1CF7F77D0098F7FD /* Release */ = {
			isa = XCBuildConfiguration;
			buildSettings = {
				ALWAYS_SEARCH_USER_PATHS = NO;
				CLANG_ANALYZER_NONNULL = YES;
				CLANG_CXX_LANGUAGE_STANDARD = "gnu++0x";
				CLANG_CXX_LIBRARY = "libc++";
				CLANG_ENABLE_MODULES = YES;
				CLANG_ENABLE_OBJC_ARC = YES;
				CLANG_WARN_BOOL_CONVERSION = YES;
				CLANG_WARN_CONSTANT_CONVERSION = YES;
				CLANG_WARN_DIRECT_OBJC_ISA_USAGE = YES_ERROR;
				CLANG_WARN_EMPTY_BODY = YES;
				CLANG_WARN_ENUM_CONVERSION = YES;
				CLANG_WARN_INT_CONVERSION = YES;
				CLANG_WARN_OBJC_ROOT_CLASS = YES_ERROR;
				CLANG_WARN_UNREACHABLE_CODE = YES;
				CLANG_WARN__DUPLICATE_METHOD_MATCH = YES;
				"CODE_SIGN_IDENTITY[sdk=iphoneos*]" = "iPhone Developer";
				COPY_PHASE_STRIP = NO;
				DEBUG_INFORMATION_FORMAT = "dwarf-with-dsym";
				ENABLE_NS_ASSERTIONS = NO;
				ENABLE_STRICT_OBJC_MSGSEND = YES;
				GCC_C_LANGUAGE_STANDARD = gnu99;
				GCC_NO_COMMON_BLOCKS = YES;
				GCC_WARN_64_TO_32_BIT_CONVERSION = YES;
				GCC_WARN_ABOUT_RETURN_TYPE = YES_ERROR;
				GCC_WARN_UNDECLARED_SELECTOR = YES;
				GCC_WARN_UNINITIALIZED_AUTOS = YES_AGGRESSIVE;
				GCC_WARN_UNUSED_FUNCTION = YES;
				GCC_WARN_UNUSED_VARIABLE = YES;
				IPHONEOS_DEPLOYMENT_TARGET = 9.3;
				MTL_ENABLE_DEBUG_INFO = NO;
				SDKROOT = iphoneos;
				VALIDATE_PRODUCT = YES;
			};
			name = Release;
		};
		240FA2501CF7F77D0098F7FD /* Debug */ = {
			isa = XCBuildConfiguration;
			buildSettings = {
				ASSETCATALOG_COMPILER_APPICON_NAME = AppIcon;
				CODE_SIGN_IDENTITY = "iPhone Developer";
				"CODE_SIGN_IDENTITY[sdk=iphoneos*]" = "iPhone Developer";
				INFOPLIST_FILE = LivePush/Info.plist;
				IPHONEOS_DEPLOYMENT_TARGET = 8.0;
				LD_RUNPATH_SEARCH_PATHS = "$(inherited) @executable_path/Frameworks";
				PRODUCT_BUNDLE_IDENTIFIER = org.swiftc.LivePush;
				PRODUCT_NAME = "$(TARGET_NAME)";
				PROVISIONING_PROFILE = "14ce10a9-07da-4f77-82c1-94824933e782";
				SWIFT_OBJC_BRIDGING_HEADER = LivePush/Rtmp/rtmp.h;
				TARGETED_DEVICE_FAMILY = "1,2";
			};
			name = Debug;
		};
		240FA2511CF7F77D0098F7FD /* Release */ = {
			isa = XCBuildConfiguration;
			buildSettings = {
				ASSETCATALOG_COMPILER_APPICON_NAME = AppIcon;
				CODE_SIGN_IDENTITY = "iPhone Developer";
				"CODE_SIGN_IDENTITY[sdk=iphoneos*]" = "iPhone Developer";
				INFOPLIST_FILE = LivePush/Info.plist;
				IPHONEOS_DEPLOYMENT_TARGET = 8.0;
				LD_RUNPATH_SEARCH_PATHS = "$(inherited) @executable_path/Frameworks";
				PRODUCT_BUNDLE_IDENTIFIER = org.swiftc.LivePush;
				PRODUCT_NAME = "$(TARGET_NAME)";
				PROVISIONING_PROFILE = "14ce10a9-07da-4f77-82c1-94824933e782";
				SWIFT_OBJC_BRIDGING_HEADER = LivePush/Rtmp/rtmp.h;
				TARGETED_DEVICE_FAMILY = "1,2";
			};
			name = Release;
		};
/* End XCBuildConfiguration section */

/* Begin XCConfigurationList section */
		240FA2381CF7F77D0098F7FD /* Build configuration list for PBXProject "LivePush" */ = {
			isa = XCConfigurationList;
			buildConfigurations = (
				240FA24D1CF7F77D0098F7FD /* Debug */,
				240FA24E1CF7F77D0098F7FD /* Release */,
			);
			defaultConfigurationIsVisible = 0;
			defaultConfigurationName = Release;
		};
		240FA24F1CF7F77D0098F7FD /* Build configuration list for PBXNativeTarget "LivePush" */ = {
			isa = XCConfigurationList;
			buildConfigurations = (
				240FA2501CF7F77D0098F7FD /* Debug */,
				240FA2511CF7F77D0098F7FD /* Release */,
			);
			defaultConfigurationIsVisible = 0;
			defaultConfigurationName = Release;
		};
/* End XCConfigurationList section */
	};
	rootObject = 240FA2351CF7F77D0098F7FD /* Project object */;
}
